
Microsoft Visual Studio Solution File, Format Version 12.00
Project("{FAE04EC0-301F-11D3-BF4B-00C04F79EFBC}") = "BulkyBook_App", "BulkyBook_App\BulkyBook_App.csproj", "{FF64399D-A3AD-4FBE-856B-906E3FA376B3}"
EndProject
Global
	GlobalSection(SolutionConfigurationPlatforms) = preSolution
		Debug|Any CPU = Debug|Any CPU
		Release|Any CPU = Release|Any CPU
	EndGlobalSection
	GlobalSection(ProjectConfigurationPlatforms) = postSolution
		{FF64399D-A3AD-4FBE-856B-906E3FA376B3}.Debug|Any CPU.ActiveCfg = Debug|Any CPU
		{FF64399D-A3AD-4FBE-856B-906E3FA376B3}.Debug|Any CPU.Build.0 = Debug|Any CPU
		{FF64399D-A3AD-4FBE-856B-906E3FA376B3}.Release|Any CPU.ActiveCfg = Release|Any CPU
		{FF64399D-A3AD-4FBE-856B-906E3FA376B3}.Release|Any CPU.Build.0 = Release|Any CPU
	EndGlobalSection
EndGlobal
